
Microsoft Visual Studio Solution File, Format Version 12.00
# Visual Studio Version 16
VisualStudioVersion = 16.0.31702.278
MinimumVisualStudioVersion = 10.0.40219.1
Project("{FAE04EC0-301F-11D3-BF4B-00C04F79EFBC}") = "WbAsp_FIA35_Rechner_LogSpeicherung", "WbAsp_FIA35_Rechner_LogSpeicherung\WbAsp_FIA35_Rechner_LogSpeicherung.csproj", "{14ECB93B-85D4-47B5-8554-33ABA0900BB9}"
EndProject
Global
	GlobalSection(SolutionConfigurationPlatforms) = preSolution
		Debug|Any CPU = Debug|Any CPU
		Release|Any CPU = Release|Any CPU
	EndGlobalSection
	GlobalSection(ProjectConfigurationPlatforms) = postSolution
		{14ECB93B-85D4-47B5-8554-33ABA0900BB9}.Debug|Any CPU.ActiveCfg = Debug|Any CPU
		{14ECB93B-85D4-47B5-8554-33ABA0900BB9}.Debug|Any CPU.Build.0 = Debug|Any CPU
		{14ECB93B-85D4-47B5-8554-33ABA0900BB9}.Release|Any CPU.ActiveCfg = Release|Any CPU
		{14ECB93B-85D4-47B5-8554-33ABA0900BB9}.Release|Any CPU.Build.0 = Release|Any CPU
	EndGlobalSection
	GlobalSection(SolutionProperties) = preSolution
		HideSolutionNode = FALSE
	EndGlobalSection
	GlobalSection(ExtensibilityGlobals) = postSolution
		SolutionGuid = {68FA884E-3025-4A5D-80FD-D5A225A7DAF6}
	EndGlobalSection
EndGlobal
